{
  "name": "rasci",
  "version": "0.1.0",
  "lockfileVersion": 3,
  "requires": true,
  "packages": {
    "": {
      "name": "rasci",
      "version": "0.1.0",
      "license": "ISC",
      "bin": {
        "rasci": "rasci-cli.js"
      },
      "engines": {
        "node": ">=18"
      }
    }
  }
}
